aiocqhttp==1.4.4
aiodocker==0.27.0
aiofiles==25.1.0
aiohappyeyeballs==2.7.1
aiohttp==3.14.3
aiosignal==1.4.0
aiosqlite==0.22.1
annotated-doc==0.0.5
annotated-types==0.8.0
anthropic==1.7.0
anyio==4.15.1
apscheduler==3.11.3
attrs==26.1.0
beautifulsoup4==4.15.0
blinker==1.9.0
certifi==2026.7.22
cffi==2.1.1
chardet==5.1.0
charset-normalizer==3.5.1
click==8.5.0
cobble==0.1.4
cryptography==50.0.1
dashscope==1.27.6
defusedxml==0.7.1
deprecated==1.3.1
dingtalk-stream==0.24.3
distro==1.9.0
docstring-parser==0.18.0
et-xmlfile==2.0.0
faiss-cpu==1.15.1
fastapi==0.141.1
filelock==4.0.1
filetype==1.2.0
flask==3.1.3
frozenlist==1.8.0
google-auth==2.58.0
google-genai==2.24.0
greenlet==3.5.6
h11==0.16.0
h2==4.4.1
hpack==4.2.0
httpcore==1.0.9
httpcore2==2.13.0
httpx==0.28.1
httpx-sse==0.4.3
httpx2==2.13.0
hypercorn==0.18.0
hyperframe==6.1.0
idna==3.20
iniconfig==2.3.0
itsdangerous==2.2.0
jieba==0.42.1
jinja2==3.1.6
jiter==0.17.0
jsonschema==4.26.0
jsonschema-specifications==2025.9.1
lark-oapi==1.7.3
loguru==0.7.3
lxml==6.1.3
mammoth==1.12.2
markdown-it-py==4.2.0
markdownify==1.2.3
markitdown-no-magika==0.1.2
markupsafe==3.0.3
mcp==1.30.0
mdurl==0.1.2
multidict==6.9.1
numpy==2.5.3
openai==3.17.0
openpyxl==3.1.5
optionaldict==0.1.2
ormsgpack==1.12.2
packaging==26.3
pandas==3.0.6
pillow==12.3.0
pip==26.2.1
pluggy==1.6.0
priority==2.0.0
propcache==0.5.4
psutil==7.1.3
py-cord==2.8.1
pyasn1==0.6.4
pyasn1-modules==0.4.2
pycparser==3.0
pycryptodome==3.23.0
pydantic==2.13.5
pydantic-core==2.46.5
pydantic-settings==2.15.0
pydub==0.25.1
pygments==2.21.0
pyjwt==2.14.0
pyotp==2.10.0
pypdf==6.19.0
pyromark==0.9.13
pysocks==1.7.1
pytest==9.1.1
pytest-asyncio==1.4.0
python-dateutil==2.9.0.post0
python-docx==1.2.0
python-dotenv==1.2.3
python-multipart==0.0.32
python-ripgrep==0.0.8
python-socks==3.1.1
python-telegram-bot==22.8
pyyaml==6.0.3
qq-botpy==1.2.1
qrcode==8.2
quart==0.22.0
rank-bm25==0.2.2
referencing==0.37.0
reportlab==5.0.1
requests==2.34.2
requests-toolbelt==1.0.0
rich==15.0.0
rpds-py==2026.6.3
shellingham==1.5.4
shipyard-neo-sdk==0.2.0
shipyard-python-sdk==0.2.4
silk-python==0.2.8
six==1.17.0
slack-sdk==3.44.1
sniffio==1.3.1
socksio==1.0.0
soupsieve==2.9.2
sqlalchemy==2.0.54
sqlmodel==0.0.46
sse-starlette==3.4.11
starlette==1.6.0
telegramify-markdown==1.2.0
tenacity==9.1.4
truststore==0.10.4
typer==0.27.2
typing-extensions==4.16.0
typing-inspection==0.4.4
tzlocal==5.4.4
urllib3==2.8.0
uvicorn==0.53.0
watchfiles==1.3.0
websocket-client==1.9.2
websockets==15.0.1
wechatpy==1.8.18
werkzeug==3.1.8
wrapt==2.4.1
wsproto==1.3.2
xinference-client==3.4.0
xlrd==2.0.2
xmltodict==1.0.4
yarl==1.25.1
